
Microsoft Visual Studio Solution File, Format Version 11.00
# Visual Studio 2010
Project("{FAE04EC0-301F-11D3-BF4B-00C04F79EFBC}") = "parkour", "Assembly-CSharp-firstpass.csproj", "{3D58C7F3-2BAF-1522-079D-DD07E8AFAFFE}"
EndProject
Project("{FAE04EC0-301F-11D3-BF4B-00C04F79EFBC}") = "parkour", "Assembly-CSharp-Editor-firstpass.csproj", "{0B6092AB-B3C8-571D-A6BE-DCCD00B79D47}"
EndProject
Global
	GlobalSection(SolutionConfigurationPlatforms) = preSolution
		Debug|Any CPU = Debug|Any CPU
		Release|Any CPU = Release|Any CPU
	EndGlobalSection
	GlobalSection(ProjectConfigurationPlatforms) = postSolution
		{3D58C7F3-2BAF-1522-079D-DD07E8AFAFFE}.Debug|Any CPU.ActiveCfg = Debug|Any CPU
		{3D58C7F3-2BAF-1522-079D-DD07E8AFAFFE}.Debug|Any CPU.Build.0 = Debug|Any CPU
		{3D58C7F3-2BAF-1522-079D-DD07E8AFAFFE}.Release|Any CPU.ActiveCfg = Release|Any CPU
		{3D58C7F3-2BAF-1522-079D-DD07E8AFAFFE}.Release|Any CPU.Build.0 = Release|Any CPU
		{0B6092AB-B3C8-571D-A6BE-DCCD00B79D47}.Debug|Any CPU.ActiveCfg = Debug|Any CPU
		{0B6092AB-B3C8-571D-A6BE-DCCD00B79D47}.Debug|Any CPU.Build.0 = Debug|Any CPU
		{0B6092AB-B3C8-571D-A6BE-DCCD00B79D47}.Release|Any CPU.ActiveCfg = Release|Any CPU
		{0B6092AB-B3C8-571D-A6BE-DCCD00B79D47}.Release|Any CPU.Build.0 = Release|Any CPU
	EndGlobalSection
	GlobalSection(SolutionProperties) = preSolution
		HideSolutionNode = FALSE
	EndGlobalSection
	GlobalSection(MonoDevelopProperties) = preSolution
		StartupItem = Assembly-CSharp.csproj
	EndGlobalSection
EndGlobal
